
Microsoft Visual Studio Solution File, Format Version 12.00
# Visual Studio Version 16
VisualStudioVersion = 16.0.33027.164
MinimumVisualStudioVersion = 10.0.40219.1
Project("{FAE04EC0-301F-11D3-BF4B-00C04F79EFBC}") = "supply_management", "supply_management\supply_management.csproj", "{20C57251-30E6-4C07-9EEF-F3C296478E29}"
EndProject
Project("{2150E333-8FDC-42A3-9474-1A3956D46DE8}") = "Solution Items", "Solution Items", "{519722A9-C935-4D26-8145-3C8CD7EF8A6D}"
	ProjectSection(SolutionItems) = preProject
		.editorconfig = .editorconfig
	EndProjectSection
EndProject
Global
	GlobalSection(SolutionConfigurationPlatforms) = preSolution
		Debug|Any CPU = Debug|Any CPU
		Release|Any CPU = Release|Any CPU
	EndGlobalSection
	GlobalSection(ProjectConfigurationPlatforms) = postSolution
		{20C57251-30E6-4C07-9EEF-F3C296478E29}.Debug|Any CPU.ActiveCfg = Debug|Any CPU
		{20C57251-30E6-4C07-9EEF-F3C296478E29}.Debug|Any CPU.Build.0 = Debug|Any CPU
		{20C57251-30E6-4C07-9EEF-F3C296478E29}.Release|Any CPU.ActiveCfg = Release|Any CPU
		{20C57251-30E6-4C07-9EEF-F3C296478E29}.Release|Any CPU.Build.0 = Release|Any CPU
	EndGlobalSection
	GlobalSection(SolutionProperties) = preSolution
		HideSolutionNode = FALSE
	EndGlobalSection
	GlobalSection(ExtensibilityGlobals) = postSolution
		SolutionGuid = {4185EDEC-EFB0-4858-8527-E0842AA3F0B0}
	EndGlobalSection
EndGlobal
